
Microsoft Visual Studio Solution File, Format Version 12.00
# Visual Studio Version 16
VisualStudioVersion = 16.0.30011.22
MinimumVisualStudioVersion = 10.0.40219.1
Project("{888888A0-9F3D-457C-B088-3A5042F75D52}") = "1.3задача", "1.3задача.pyproj", "{83C1445C-ADA4-4931-A57F-165BE5D331B4}"
EndProject
Global
	GlobalSection(SolutionConfigurationPlatforms) = preSolution
		Debug|Any CPU = Debug|Any CPU
		Release|Any CPU = Release|Any CPU
	EndGlobalSection
	GlobalSection(ProjectConfigurationPlatforms) = postSolution
		{83C1445C-ADA4-4931-A57F-165BE5D331B4}.Debug|Any CPU.ActiveCfg = Debug|Any CPU
		{83C1445C-ADA4-4931-A57F-165BE5D331B4}.Release|Any CPU.ActiveCfg = Release|Any CPU
	EndGlobalSection
	GlobalSection(SolutionProperties) = preSolution
		HideSolutionNode = FALSE
	EndGlobalSection
	GlobalSection(ExtensibilityGlobals) = postSolution
		SolutionGuid = {5D27BEBE-CF30-40FE-8C03-F9FA254698F9}
	EndGlobalSection
EndGlobal
