
Microsoft Visual Studio Solution File, Format Version 12.00
# Visual Studio Version 16
VisualStudioVersion = 16.0.30011.22
MinimumVisualStudioVersion = 10.0.40219.1
Project("{888888A0-9F3D-457C-B088-3A5042F75D52}") = "ИКБО-20-19.1задание", "ИКБО-20-19.1задание.pyproj", "{E87F53DD-950A-4EAC-ACF1-C0EC619EE6C1}"
EndProject
Global
	GlobalSection(SolutionConfigurationPlatforms) = preSolution
		Debug|Any CPU = Debug|Any CPU
		Release|Any CPU = Release|Any CPU
	EndGlobalSection
	GlobalSection(ProjectConfigurationPlatforms) = postSolution
		{E87F53DD-950A-4EAC-ACF1-C0EC619EE6C1}.Debug|Any CPU.ActiveCfg = Debug|Any CPU
		{E87F53DD-950A-4EAC-ACF1-C0EC619EE6C1}.Release|Any CPU.ActiveCfg = Release|Any CPU
	EndGlobalSection
	GlobalSection(SolutionProperties) = preSolution
		HideSolutionNode = FALSE
	EndGlobalSection
	GlobalSection(ExtensibilityGlobals) = postSolution
		SolutionGuid = {1407E5D4-5DD6-4BDC-9245-FE88CA013BF7}
	EndGlobalSection
EndGlobal
